// !$*UTF8*$!
{
	archiveVersion = 1;
	classes = {
	};
	objectVersion = 46;
	objects = {

/* Begin PBXBuildFile section */
		33DD8BB11E1589B1005DDC6F /* AppDelegate.swift in Sources */ = {isa = PBXBuildFile; fileRef = 33DD8BB01E1589B1005DDC6F /* AppDelegate.swift */; };
		33DD8BB31E1589B1005DDC6F /* ViewController.swift in Sources */ = {isa = PBXBuildFile; fileRef = 33DD8BB21E1589B1005DDC6F /* ViewController.swift */; };
		33DD8BB61E1589B1005DDC6F /* Main.storyboard in Resources */ = {isa = PBXBuildFile; fileRef = 33DD8BB41E1589B1005DDC6F /* Main.storyboard */; };
		33DD8BB81E1589B1005DDC6F /* Assets.xcassets in Resources */ = {isa = PBXBuildFile; fileRef = 33DD8BB71E1589B1005DDC6F /* Assets.xcassets */; };
		33DD8BBB1E1589B1005DDC6F /* LaunchScreen.storyboard in Resources */ = {isa = PBXBuildFile; fileRef = 33DD8BB91E1589B1005DDC6F /* LaunchScreen.storyboard */; };
		33DD8BC61E1589B2005DDC6F /* tipCalculatorTests.swift in Sources */ = {isa = PBXBuildFile; fileRef = 33DD8BC51E1589B2005DDC6F /* tipCalculatorTests.swift */; };
		33DD8BD11E1589B2005DDC6F /* tipCalculatorUITests.swift in Sources */ = {isa = PBXBuildFile; fileRef = 33DD8BD01E1589B2005DDC6F /* tipCalculatorUITests.swift */; };
		33DD8BDF1E176460005DDC6F /* SettingsViewController.swift in Sources */ = {isa = PBXBuildFile; fileRef = 33DD8BDE1E176460005DDC6F /* SettingsViewController.swift */; };
/* End PBXBuildFile section */

/* Begin PBXContainerItemProxy section */
		33DD8BC21E1589B2005DDC6F /* PBXContainerItemProxy */ = {
			isa = PBXContainerItemProxy;
			containerPortal = 33DD8BA51E1589B1005DDC6F /* Project object */;
			proxyType = 1;
			remoteGlobalIDString = 33DD8BAC1E1589B1005DDC6F;
			remoteInfo = tipCalculator;
		};
		33DD8BCD1E1589B2005DDC6F /* PBXContainerItemProxy */ = {
			isa = PBXContainerItemProxy;
			containerPortal = 33DD8BA51E1589B1005DDC6F /* Project object */;
			proxyType = 1;
			remoteGlobalIDString = 33DD8BAC1E1589B1005DDC6F;
			remoteInfo = tipCalculator;
		};
/* End PBXContainerItemProxy section */

/* Begin PBXFileReference section */
		33DD8BAD1E1589B1005DDC6F /* tipCalculator.app */ = {isa = PBXFileReference; explicitFileType = wrapper.application; includeInIndex = 0; path = tipCalculator.app; sourceTree = BUILT_PRODUCTS_DIR; };
		33DD8BB01E1589B1005DDC6F /* AppDelegate.swift */ = {isa = PBXFileReference; lastKnownFileType = sourcecode.swift; path = AppDelegate.swift; sourceTree = "<group>"; };
		33DD8BB21E1589B1005DDC6F /* ViewController.swift */ = {isa = PBXFileReference; lastKnownFileType = sourcecode.swift; path = ViewController.swift; sourceTree = "<group>"; };
		33DD8BB51E1589B1005DDC6F /* Base */ = {isa = PBXFileReference; lastKnownFileType = file.storyboard; name = Base; path = Base.lproj/Main.storyboard; sourceTree = "<group>"; };
		33DD8BB71E1589B1005DDC6F /* Assets.xcassets */ = {isa = PBXFileReference; lastKnownFileType = folder.assetcatalog; path = Assets.xcassets; sourceTree = "<group>"; };
		33DD8BBA1E1589B1005DDC6F /* Base */ = {isa = PBXFileReference; lastKnownFileType = file.storyboard; name = Base; path = Base.lproj/LaunchScreen.storyboard; sourceTree = "<group>"; };
		33DD8BBC1E1589B1005DDC6F /* Info.plist */ = {isa = PBXFileReference; lastKnownFileType = text.plist.xml; path = Info.plist; sourceTree = "<group>"; };
		33DD8BC11E1589B2005DDC6F /* tipCalculatorTests.xctest */ = {isa = PBXFileReference; explicitFileType = wrapper.cfbundle; includeInIndex = 0; path = tipCalculatorTests.xctest; sourceTree = BUILT_PRODUCTS_DIR; };
		33DD8BC51E1589B2005DDC6F /* tipCalculatorTests.swift */ = {isa = PBXFileReference; lastKnownFileType = sourcecode.swift; path = tipCalculatorTests.swift; sourceTree = "<group>"; };
		33DD8BC71E1589B2005DDC6F /* Info.plist */ = {isa = PBXFileReference; lastKnownFileType = text.plist.xml; path = Info.plist; sourceTree = "<group>"; };
		33DD8BCC1E1589B2005DDC6F /* tipCalculatorUITests.xctest */ = {isa = PBXFileReference; explicitFileType = wrapper.cfbundle; includeInIndex = 0; path = tipCalculatorUITests.xctest; sourceTree = BUILT_PRODUCTS_DIR; };
		33DD8BD01E1589B2005DDC6F /* tipCalculatorUITests.swift */ = {isa = PBXFileReference; lastKnownFileType = sourcecode.swift; path = tipCalculatorUITests.swift; sourceTree = "<group>"; };
		33DD8BD21E1589B2005DDC6F /* Info.plist */ = {isa = PBXFileReference; lastKnownFileType = text.plist.xml; path = Info.plist; sourceTree = "<group>"; };
		33DD8BDE1E176460005DDC6F /* SettingsViewController.swift */ = {isa = PBXFileReference; fileEncoding = 4; lastKnownFileType = sourcecode.swift; path = SettingsViewController.swift; sourceTree = "<group>"; };
/* End PBXFileReference section */

/* Begin PBXFrameworksBuildPhase section */
		33DD8BAA1E1589B1005DDC6F /* Frameworks */ = {
			isa = PBXFrameworksBuildPhase;
			buildActionMask = 2147483647;
			files = (
			);
			runOnlyForDeploymentPostprocessing = 0;
		};
		33DD8BBE1E1589B2005DDC6F /* Frameworks */ = {
			isa = PBXFrameworksBuildPhase;
			buildActionMask = 2147483647;
			files = (
			);
			runOnlyForDeploymentPostprocessing = 0;
		};
		33DD8BC91E1589B2005DDC6F /* Frameworks */ = {
			isa = PBXFrameworksBuildPhase;
			buildActionMask = 2147483647;
			files = (
			);
			runOnlyForDeploymentPostprocessing = 0;
		};
/* End PBXFrameworksBuildPhase section */

/* Begin PBXGroup section */
		33DD8BA41E1589B1005DDC6F = {
			isa = PBXGroup;
			children = (
				33DD8BAF1E1589B1005DDC6F /* tipCalculator */,
				33DD8BC41E1589B2005DDC6F /* tipCalculatorTests */,
				33DD8BCF1E1589B2005DDC6F /* tipCalculatorUITests */,
				33DD8BAE1E1589B1005DDC6F /* Products */,
			);
			sourceTree = "<group>";
		};
		33DD8BAE1E1589B1005DDC6F /* Products */ = {
			isa = PBXGroup;
			children = (
				33DD8BAD1E1589B1005DDC6F /* tipCalculator.app */,
				33DD8BC11E1589B2005DDC6F /* tipCalculatorTests.xctest */,
				33DD8BCC1E1589B2005DDC6F /* tipCalculatorUITests.xctest */,
			);
			name = Products;
			sourceTree = "<group>";
		};
		33DD8BAF1E1589B1005DDC6F /* tipCalculator */ = {
			isa = PBXGroup;
			children = (
				33DD8BB01E1589B1005DDC6F /* AppDelegate.swift */,
				33DD8BB21E1589B1005DDC6F /* ViewController.swift */,
				33DD8BDE1E176460005DDC6F /* SettingsViewController.swift */,
				33DD8BB41E1589B1005DDC6F /* Main.storyboard */,
				33DD8BB71E1589B1005DDC6F /* Assets.xcassets */,
				33DD8BB91E1589B1005DDC6F /* LaunchScreen.storyboard */,
				33DD8BBC1E1589B1005DDC6F /* Info.plist */,
			);
			path = tipCalculator;
			sourceTree = "<group>";
		};
		33DD8BC41E1589B2005DDC6F /* tipCalculatorTests */ = {
			isa = PBXGroup;
			children = (
				33DD8BC51E1589B2005DDC6F /* tipCalculatorTests.swift */,
				33DD8BC71E1589B2005DDC6F /* Info.plist */,
			);
			path = tipCalculatorTests;
			sourceTree = "<group>";
		};
		33DD8BCF1E1589B2005DDC6F /* tipCalculatorUITests */ = {
			isa = PBXGroup;
			children = (
				33DD8BD01E1589B2005DDC6F /* tipCalculatorUITests.swift */,
				33DD8BD21E1589B2005DDC6F /* Info.plist */,
			);
			path = tipCalculatorUITests;
			sourceTree = "<group>";
		};
/* End PBXGroup section */

/* Begin PBXNativeTarget section */
		33DD8BAC1E1589B1005DDC6F /* tipCalculator */ = {
			isa = PBXNativeTarget;
			buildConfigurationList = 33DD8BD51E1589B2005DDC6F /* Build configuration list for PBXNativeTarget "tipCalculator" */;
			buildPhases = (
				33DD8BA91E1589B1005DDC6F /* Sources */,
				33DD8BAA1E1589B1005DDC6F /* Frameworks */,
				33DD8BAB1E1589B1005DDC6F /* Resources */,
			);
			buildRules = (
			);
			dependencies = (
			);
			name = tipCalculator;
			productName = tipCalculator;
			productReference = 33DD8BAD1E1589B1005DDC6F /* tipCalculator.app */;
			productType = "com.apple.product-type.application";
		};
		33DD8BC01E1589B2005DDC6F /* tipCalculatorTests */ = {
			isa = PBXNativeTarget;
			buildConfigurationList = 33DD8BD81E1589B2005DDC6F /* Build configuration list for PBXNativeTarget "tipCalculatorTests" */;
			buildPhases = (
				33DD8BBD1E1589B2005DDC6F /* Sources */,
				33DD8BBE1E1589B2005DDC6F /* Frameworks */,
				33DD8BBF1E1589B2005DDC6F /* Resources */,
			);
			buildRules = (
			);
			dependencies = (
				33DD8BC31E1589B2005DDC6F /* PBXTargetDependency */,
			);
			name = tipCalculatorTests;
			productName = tipCalculatorTests;
			productReference = 33DD8BC11E1589B2005DDC6F /* tipCalculatorTests.xctest */;
			productType = "com.apple.product-type.bundle.unit-test";
		};
		33DD8BCB1E1589B2005DDC6F /* tipCalculatorUITests */ = {
			isa = PBXNativeTarget;
			buildConfigurationList = 33DD8BDB1E1589B2005DDC6F /* Build configuration list for PBXNativeTarget "tipCalculatorUITests" */;
			buildPhases = (
				33DD8BC81E1589B2005DDC6F /* Sources */,
				33DD8BC91E1589B2005DDC6F /* Frameworks */,
				33DD8BCA1E1589B2005DDC6F /* Resources */,
			);
			buildRules = (
			);
			dependencies = (
				33DD8BCE1E1589B2005DDC6F /* PBXTargetDependency */,
			);
			name = tipCalculatorUITests;
			productName = tipCalculatorUITests;
			productReference = 33DD8BCC1E1589B2005DDC6F /* tipCalculatorUITests.xctest */;
			productType = "com.apple.product-type.bundle.ui-testing";
		};
/* End PBXNativeTarget section */

/* Begin PBXProject section */
		33DD8BA51E1589B1005DDC6F /* Project object */ = {
			isa = PBXProject;
			attributes = {
				LastSwiftUpdateCheck = 0820;
				LastUpgradeCheck = 0820;
				ORGANIZATIONNAME = "Vinnie Chen";
				TargetAttributes = {
					33DD8BAC1E1589B1005DDC6F = {
						CreatedOnToolsVersion = 8.2;
						DevelopmentTeam = Y2ZU24E3BN;
						ProvisioningStyle = Automatic;
					};
					33DD8BC01E1589B2005DDC6F = {
						CreatedOnToolsVersion = 8.2;
						ProvisioningStyle = Automatic;
						TestTargetID = 33DD8BAC1E1589B1005DDC6F;
					};
					33DD8BCB1E1589B2005DDC6F = {
						CreatedOnToolsVersion = 8.2;
						ProvisioningStyle = Automatic;
						TestTargetID = 33DD8BAC1E1589B1005DDC6F;
					};
				};
			};
			buildConfigurationList = 33DD8BA81E1589B1005DDC6F /* Build configuration list for PBXProject "tipCalculator" */;
			compatibilityVersion = "Xcode 3.2";
			developmentRegion = English;
			hasScannedForEncodings = 0;
			knownRegions = (
				en,
				Base,
			);
			mainGroup = 33DD8BA41E1589B1005DDC6F;
			productRefGroup = 33DD8BAE1E1589B1005DDC6F /* Products */;
			projectDirPath = "";
			projectRoot = "";
			targets = (
				33DD8BAC1E1589B1005DDC6F /* tipCalculator */,
				33DD8BC01E1589B2005DDC6F /* tipCalculatorTests */,
				33DD8BCB1E1589B2005DDC6F /* tipCalculatorUITests */,
			);
		};
/* End PBXProject section */

/* Begin PBXResourcesBuildPhase section */
		33DD8BAB1E1589B1005DDC6F /* Resources */ = {
			isa = PBXResourcesBuildPhase;
			buildActionMask = 2147483647;
			files = (
				33DD8BBB1E1589B1005DDC6F /* LaunchScreen.storyboard in Resources */,
				33DD8BB81E1589B1005DDC6F /* Assets.xcassets in Resources */,
				33DD8BB61E1589B1005DDC6F /* Main.storyboard in Resources */,
			);
			runOnlyForDeploymentPostprocessing = 0;
		};
		33DD8BBF1E1589B2005DDC6F /* Resources */ = {
			isa = PBXResourcesBuildPhase;
			buildActionMask = 2147483647;
			files = (
			);
			runOnlyForDeploymentPostprocessing = 0;
		};
		33DD8BCA1E1589B2005DDC6F /* Resources */ = {
			isa = PBXResourcesBuildPhase;
			buildActionMask = 2147483647;
			files = (
			);
			runOnlyForDeploymentPostprocessing = 0;
		};
/* End PBXResourcesBuildPhase section */

/* Begin PBXSourcesBuildPhase section */
		33DD8BA91E1589B1005DDC6F /* Sources */ = {
			isa = PBXSourcesBuildPhase;
			buildActionMask = 2147483647;
			files = (
				33DD8BB31E1589B1005DDC6F /* ViewController.swift in Sources */,
				33DD8BB11E1589B1005DDC6F /* AppDelegate.swift in Sources */,
				33DD8BDF1E176460005DDC6F /* SettingsViewController.swift in Sources */,
			);
			runOnlyForDeploymentPostprocessing = 0;
		};
		33DD8BBD1E1589B2005DDC6F /* Sources */ = {
			isa = PBXSourcesBuildPhase;
			buildActionMask = 2147483647;
			files = (
				33DD8BC61E1589B2005DDC6F /* tipCalculatorTests.swift in Sources */,
			);
			runOnlyForDeploymentPostprocessing = 0;
		};
		33DD8BC81E1589B2005DDC6F /* Sources */ = {
			isa = PBXSourcesBuildPhase;
			buildActionMask = 2147483647;
			files = (
				33DD8BD11E1589B2005DDC6F /* tipCalculatorUITests.swift in Sources */,
			);
			runOnlyForDeploymentPostprocessing = 0;
		};
/* End PBXSourcesBuildPhase section */

/* Begin PBXTargetDependency section */
		33DD8BC31E1589B2005DDC6F /* PBXTargetDependency */ = {
			isa = PBXTargetDependency;
			target = 33DD8BAC1E1589B1005DDC6F /* tipCalculator */;
			targetProxy = 33DD8BC21E1589B2005DDC6F /* PBXContainerItemProxy */;
		};
		33DD8BCE1E1589B2005DDC6F /* PBXTargetDependency */ = {
			isa = PBXTargetDependency;
			target = 33DD8BAC1E1589B1005DDC6F /* tipCalculator */;
			targetProxy = 33DD8BCD1E1589B2005DDC6F /* PBXContainerItemProxy */;
		};
/* End PBXTargetDependency section */

/* Begin PBXVariantGroup section */
		33DD8BB41E1589B1005DDC6F /* Main.storyboard */ = {
			isa = PBXVariantGroup;
			children = (
				33DD8BB51E1589B1005DDC6F /* Base */,
			);
			name = Main.storyboard;
			sourceTree = "<group>";
		};
		33DD8BB91E1589B1005DDC6F /* LaunchScreen.storyboard */ = {
			isa = PBXVariantGroup;
			children = (
				33DD8BBA1E1589B1005DDC6F /* Base */,
			);
			name = LaunchScreen.storyboard;
			sourceTree = "<group>";
		};
/* End PBXVariantGroup section */

/* Begin XCBuildConfiguration section */
		33DD8BD31E1589B2005DDC6F /* Debug */ = {
			isa = XCBuildConfiguration;
			buildSettings = {
				ALWAYS_SEARCH_USER_PATHS = NO;
				CLANG_ANALYZER_NONNULL = YES;
				CLANG_CXX_LANGUAGE_STANDARD = "gnu++0x";
				CLANG_CXX_LIBRARY = "libc++";
				CLANG_ENABLE_MODULES = YES;
				CLANG_ENABLE_OBJC_ARC = YES;
				CLANG_WARN_BOOL_CONVERSION = YES;
				CLANG_WARN_CONSTANT_CONVERSION = YES;
				CLANG_WARN_DIRECT_OBJC_ISA_USAGE = YES_ERROR;
				CLANG_WARN_DOCUMENTATION_COMMENTS = YES;
				CLANG_WARN_EMPTY_BODY = YES;
				CLANG_WARN_ENUM_CONVERSION = YES;
				CLANG_WARN_INFINITE_RECURSION = YES;
				CLANG_WARN_INT_CONVERSION = YES;
				CLANG_WARN_OBJC_ROOT_CLASS = YES_ERROR;
				CLANG_WARN_SUSPICIOUS_MOVE = YES;
				CLANG_WARN_UNREACHABLE_CODE = YES;
				CLANG_WARN__DUPLICATE_METHOD_MATCH = YES;
				"CODE_SIGN_IDENTITY[sdk=iphoneos*]" = "iPhone Developer";
				COPY_PHASE_STRIP = NO;
				DEBUG_INFORMATION_FORMAT = dwarf;
				ENABLE_STRICT_OBJC_MSGSEND = YES;
				ENABLE_TESTABILITY = YES;
				GCC_C_LANGUAGE_STANDARD = gnu99;
				GCC_DYNAMIC_NO_PIC = NO;
				GCC_NO_COMMON_BLOCKS = YES;
				GCC_OPTIMIZATION_LEVEL = 0;
				GCC_PREPROCESSOR_DEFINITIONS = (
					"DEBUG=1",
					"$(inherited)",
				);
				GCC_WARN_64_TO_32_BIT_CONVERSION = YES;
				GCC_WARN_ABOUT_RETURN_TYPE = YES_ERROR;
				GCC_WARN_UNDECLARED_SELECTOR = YES;
				GCC_WARN_UNINITIALIZED_AUTOS = YES_AGGRESSIVE;
				GCC_WARN_UNUSED_FUNCTION = YES;
				GCC_WARN_UNUSED_VARIABLE = YES;
				IPHONEOS_DEPLOYMENT_TARGET = 10.2;
				MTL_ENABLE_DEBUG_INFO = YES;
				ONLY_ACTIVE_ARCH = YES;
				SDKROOT = iphoneos;
				SWIFT_ACTIVE_COMPILATION_CONDITIONS = DEBUG;
				SWIFT_OPTIMIZATION_LEVEL = "-Onone";
			};
			name = Debug;
		};
		33DD8BD41E1589B2005DDC6F /* Release */ = {
			isa = XCBuildConfiguration;
			buildSettings = {
				ALWAYS_SEARCH_USER_PATHS = NO;
				CLANG_ANALYZER_NONNULL = YES;
				CLANG_CXX_LANGUAGE_STANDARD = "gnu++0x";
				CLANG_CXX_LIBRARY = "libc++";
				CLANG_ENABLE_MODULES = YES;
				CLANG_ENABLE_OBJC_ARC = YES;
				CLANG_WARN_BOOL_CONVERSION = YES;
				CLANG_WARN_CONSTANT_CONVERSION = YES;
				CLANG_WARN_DIRECT_OBJC_ISA_USAGE = YES_ERROR;
				CLANG_WARN_DOCUMENTATION_COMMENTS = YES;
				CLANG_WARN_EMPTY_BODY = YES;
				CLANG_WARN_ENUM_CONVERSION = YES;
				CLANG_WARN_INFINITE_RECURSION = YES;
				CLANG_WARN_INT_CONVERSION = YES;
				CLANG_WARN_OBJC_ROOT_CLASS = YES_ERROR;
				CLANG_WARN_SUSPICIOUS_MOVE = YES;
				CLANG_WARN_UNREACHABLE_CODE = YES;
				CLANG_WARN__DUPLICATE_METHOD_MATCH = YES;
				"CODE_SIGN_IDENTITY[sdk=iphoneos*]" = "iPhone Developer";
				COPY_PHASE_STRIP = NO;
				DEBUG_INFORMATION_FORMAT = "dwarf-with-dsym";
				ENABLE_NS_ASSERTIONS = NO;
				ENABLE_STRICT_OBJC_MSGSEND = YES;
				GCC_C_LANGUAGE_STANDARD = gnu99;
				GCC_NO_COMMON_BLOCKS = YES;
				GCC_WARN_64_TO_32_BIT_CONVERSION = YES;
				GCC_WARN_ABOUT_RETURN_TYPE = YES_ERROR;
				GCC_WARN_UNDECLARED_SELECTOR = YES;
				GCC_WARN_UNINITIALIZED_AUTOS = YES_AGGRESSIVE;
				GCC_WARN_UNUSED_FUNCTION = YES;
				GCC_WARN_UNUSED_VARIABLE = YES;
				IPHONEOS_DEPLOYMENT_TARGET = 10.2;
				MTL_ENABLE_DEBUG_INFO = NO;
				SDKROOT = iphoneos;
				SWIFT_OPTIMIZATION_LEVEL = "-Owholemodule";
				VALIDATE_PRODUCT = YES;
			};
			name = Release;
		};
		33DD8BD61E1589B2005DDC6F /* Debug */ = {
			isa = XCBuildConfiguration;
			buildSettings = {
				ASSETCATALOG_COMPILER_APPICON_NAME = AppIcon;
				DEVELOPMENT_TEAM = Y2ZU24E3BN;
				INFOPLIST_FILE = tipCalculator/Info.plist;
				LD_RUNPATH_SEARCH_PATHS = "$(inherited) @executable_path/Frameworks";
				PRODUCT_BUNDLE_IDENTIFIER = Vinnie.tipCalculator;
				PRODUCT_NAME = "$(TARGET_NAME)";
				SWIFT_VERSION = 3.0;
			};
			name = Debug;
		};
		33DD8BD71E1589B2005DDC6F /* Release */ = {
			isa = XCBuildConfiguration;
			buildSettings = {
				ASSETCATALOG_COMPILER_APPICON_NAME = AppIcon;
				DEVELOPMENT_TEAM = Y2ZU24E3BN;
				INFOPLIST_FILE = tipCalculator/Info.plist;
				LD_RUNPATH_SEARCH_PATHS = "$(inherited) @executable_path/Frameworks";
				PRODUCT_BUNDLE_IDENTIFIER = Vinnie.tipCalculator;
				PRODUCT_NAME = "$(TARGET_NAME)";
				SWIFT_VERSION = 3.0;
			};
			name = Release;
		};
		33DD8BD91E1589B2005DDC6F /* Debug */ = {
			isa = XCBuildConfiguration;
			buildSettings = {
				ALWAYS_EMBED_SWIFT_STANDARD_LIBRARIES = YES;
				BUNDLE_LOADER = "$(TEST_HOST)";
				INFOPLIST_FILE = tipCalculatorTests/Info.plist;
				LD_RUNPATH_SEARCH_PATHS = "$(inherited) @executable_path/Frameworks @loader_path/Frameworks";
				PRODUCT_BUNDLE_IDENTIFIER = Vinnie.tipCalculatorTests;
				PRODUCT_NAME = "$(TARGET_NAME)";
				SWIFT_VERSION = 3.0;
				TEST_HOST = "$(BUILT_PRODUCTS_DIR)/tipCalculator.app/tipCalculator";
			};
			name = Debug;
		};
		33DD8BDA1E1589B2005DDC6F /* Release */ = {
			isa = XCBuildConfiguration;
			buildSettings = {
				ALWAYS_EMBED_SWIFT_STANDARD_LIBRARIES = YES;
				BUNDLE_LOADER = "$(TEST_HOST)";
				INFOPLIST_FILE = tipCalculatorTests/Info.plist;
				LD_RUNPATH_SEARCH_PATHS = "$(inherited) @executable_path/Frameworks @loader_path/Frameworks";
				PRODUCT_BUNDLE_IDENTIFIER = Vinnie.tipCalculatorTests;
				PRODUCT_NAME = "$(TARGET_NAME)";
				SWIFT_VERSION = 3.0;
				TEST_HOST = "$(BUILT_PRODUCTS_DIR)/tipCalculator.app/tipCalculator";
			};
			name = Release;
		};
		33DD8BDC1E1589B2005DDC6F /* Debug */ = {
			isa = XCBuildConfiguration;
			buildSettings = {
				ALWAYS_EMBED_SWIFT_STANDARD_LIBRARIES = YES;
				INFOPLIST_FILE = tipCalculatorUITests/Info.plist;
				LD_RUNPATH_SEARCH_PATHS = "$(inherited) @executable_path/Frameworks @loader_path/Frameworks";
				PRODUCT_BUNDLE_IDENTIFIER = Vinnie.tipCalculatorUITests;
				PRODUCT_NAME = "$(TARGET_NAME)";
				SWIFT_VERSION = 3.0;
				TEST_TARGET_NAME = tipCalculator;
			};
			name = Debug;
		};
		33DD8BDD1E1589B2005DDC6F /* Release */ = {
			isa = XCBuildConfiguration;
			buildSettings = {
				ALWAYS_EMBED_SWIFT_STANDARD_LIBRARIES = YES;
				INFOPLIST_FILE = tipCalculatorUITests/Info.plist;
				LD_RUNPATH_SEARCH_PATHS = "$(inherited) @executable_path/Frameworks @loader_path/Frameworks";
				PRODUCT_BUNDLE_IDENTIFIER = Vinnie.tipCalculatorUITests;
				PRODUCT_NAME = "$(TARGET_NAME)";
				SWIFT_VERSION = 3.0;
				TEST_TARGET_NAME = tipCalculator;
			};
			name = Release;
		};
/* End XCBuildConfiguration section */

/* Begin XCConfigurationList section */
		33DD8BA81E1589B1005DDC6F /* Build configuration list for PBXProject "tipCalculator" */ = {
			isa = XCConfigurationList;
			buildConfigurations = (
				33DD8BD31E1589B2005DDC6F /* Debug */,
				33DD8BD41E1589B2005DDC6F /* Release */,
			);
			defaultConfigurationIsVisible = 0;
			defaultConfigurationName = Release;
		};
		33DD8BD51E1589B2005DDC6F /* Build configuration list for PBXNativeTarget "tipCalculator" */ = {
			isa = XCConfigurationList;
			buildConfigurations = (
				33DD8BD61E1589B2005DDC6F /* Debug */,
				33DD8BD71E1589B2005DDC6F /* Release */,
			);
			defaultConfigurationIsVisible = 0;
			defaultConfigurationName = Release;
		};
		33DD8BD81E1589B2005DDC6F /* Build configuration list for PBXNativeTarget "tipCalculatorTests" */ = {
			isa = XCConfigurationList;
			buildConfigurations = (
				33DD8BD91E1589B2005DDC6F /* Debug */,
				33DD8BDA1E1589B2005DDC6F /* Release */,
			);
			defaultConfigurationIsVisible = 0;
			defaultConfigurationName = Release;
		};
		33DD8BDB1E1589B2005DDC6F /* Build configuration list for PBXNativeTarget "tipCalculatorUITests" */ = {
			isa = XCConfigurationList;
			buildConfigurations = (
				33DD8BDC1E1589B2005DDC6F /* Debug */,
				33DD8BDD1E1589B2005DDC6F /* Release */,
			);
			defaultConfigurationIsVisible = 0;
			defaultConfigurationName = Release;
		};
/* End XCConfigurationList section */
	};
	rootObject = 33DD8BA51E1589B1005DDC6F /* Project object */;
}
